
Microsoft Visual Studio Solution File, Format Version 12.00
# Visual Studio Version 16
VisualStudioVersion = 16.0.30011.22
MinimumVisualStudioVersion = 10.0.40219.1
Project("{9A19103F-16F7-4668-BE54-9A1E7A4F7556}") = "Project.Application", "src\Project.Application\Project.Application\Project.Application.csproj", "{34C11B2A-89CE-4077-B753-8258A1A5890D}"
EndProject
Project("{9A19103F-16F7-4668-BE54-9A1E7A4F7556}") = "Project.Data", "src\Project.Data\Project.Data\Project.Data.csproj", "{107FE1DB-B36F-419D-B561-4832971ACA90}"
EndProject
Project("{9A19103F-16F7-4668-BE54-9A1E7A4F7556}") = "Project.Model", "src\Project.Model\Project.Model\Project.Model.csproj", "{58A3F1B8-C4A0-4F79-BD52-C09FFE00967E}"
EndProject
Project("{FAE04EC0-301F-11D3-BF4B-00C04F79EFBC}") = "Project.Test", "src\Project.Test\Project.Test\Project.Test.csproj", "{3E9269AE-07E1-40D7-B8DF-7B6AD096FC6F}"
EndProject
Global
	GlobalSection(SolutionConfigurationPlatforms) = preSolution
		Debug|Any CPU = Debug|Any CPU
		Release|Any CPU = Release|Any CPU
	EndGlobalSection
	GlobalSection(ProjectConfigurationPlatforms) = postSolution
		{34C11B2A-89CE-4077-B753-8258A1A5890D}.Debug|Any CPU.ActiveCfg = Debug|Any CPU
		{34C11B2A-89CE-4077-B753-8258A1A5890D}.Debug|Any CPU.Build.0 = Debug|Any CPU
		{34C11B2A-89CE-4077-B753-8258A1A5890D}.Release|Any CPU.ActiveCfg = Release|Any CPU
		{34C11B2A-89CE-4077-B753-8258A1A5890D}.Release|Any CPU.Build.0 = Release|Any CPU
		{107FE1DB-B36F-419D-B561-4832971ACA90}.Debug|Any CPU.ActiveCfg = Debug|Any CPU
		{107FE1DB-B36F-419D-B561-4832971ACA90}.Debug|Any CPU.Build.0 = Debug|Any CPU
		{107FE1DB-B36F-419D-B561-4832971ACA90}.Release|Any CPU.ActiveCfg = Release|Any CPU
		{107FE1DB-B36F-419D-B561-4832971ACA90}.Release|Any CPU.Build.0 = Release|Any CPU
		{58A3F1B8-C4A0-4F79-BD52-C09FFE00967E}.Debug|Any CPU.ActiveCfg = Debug|Any CPU
		{58A3F1B8-C4A0-4F79-BD52-C09FFE00967E}.Debug|Any CPU.Build.0 = Debug|Any CPU
		{58A3F1B8-C4A0-4F79-BD52-C09FFE00967E}.Release|Any CPU.ActiveCfg = Release|Any CPU
		{58A3F1B8-C4A0-4F79-BD52-C09FFE00967E}.Release|Any CPU.Build.0 = Release|Any CPU
		{3E9269AE-07E1-40D7-B8DF-7B6AD096FC6F}.Debug|Any CPU.ActiveCfg = Debug|Any CPU
		{3E9269AE-07E1-40D7-B8DF-7B6AD096FC6F}.Debug|Any CPU.Build.0 = Debug|Any CPU
		{3E9269AE-07E1-40D7-B8DF-7B6AD096FC6F}.Release|Any CPU.ActiveCfg = Release|Any CPU
		{3E9269AE-07E1-40D7-B8DF-7B6AD096FC6F}.Release|Any CPU.Build.0 = Release|Any CPU
	EndGlobalSection
	GlobalSection(SolutionProperties) = preSolution
		HideSolutionNode = FALSE
	EndGlobalSection
	GlobalSection(ExtensibilityGlobals) = postSolution
		SolutionGuid = {5C53A966-FF9A-4F33-849A-F2BCE0E155DE}
	EndGlobalSection
EndGlobal
